// !$*UTF8*$!
{
	archiveVersion = 1;
	classes = {
	};
	objectVersion = 46;
	objects = {

/* Begin PBXBuildFile section */
		93851DB21CFC37FC00FBA2EE /* DHCarTests.m in Sources */ = {isa = PBXBuildFile; fileRef = 93851DB11CFC37FC00FBA2EE /* DHCarTests.m */; };
		93851DBD1CFC37FC00FBA2EE /* DHCarUITests.m in Sources */ = {isa = PBXBuildFile; fileRef = 93851DBC1CFC37FC00FBA2EE /* DHCarUITests.m */; };
		93851DF11CFC38EC00FBA2EE /* Info.plist in Resources */ = {isa = PBXBuildFile; fileRef = 93851DE51CFC38EC00FBA2EE /* Info.plist */; };
		93851DF21CFC38EC00FBA2EE /* AppDelegate.m in Sources */ = {isa = PBXBuildFile; fileRef = 93851DE81CFC38EC00FBA2EE /* AppDelegate.m */; };
		93851DF31CFC38EC00FBA2EE /* main.m in Sources */ = {isa = PBXBuildFile; fileRef = 93851DE91CFC38EC00FBA2EE /* main.m */; };
		93851DF41CFC38EC00FBA2EE /* ViewController.m in Sources */ = {isa = PBXBuildFile; fileRef = 93851DEB1CFC38EC00FBA2EE /* ViewController.m */; };
		93851DF51CFC38EC00FBA2EE /* Assets.xcassets in Resources */ = {isa = PBXBuildFile; fileRef = 93851DED1CFC38EC00FBA2EE /* Assets.xcassets */; };
		93851DF61CFC38EC00FBA2EE /* LaunchScreen.storyboard in Resources */ = {isa = PBXBuildFile; fileRef = 93851DEF1CFC38EC00FBA2EE /* LaunchScreen.storyboard */; };
		93851DF71CFC38EC00FBA2EE /* Main.storyboard in Resources */ = {isa = PBXBuildFile; fileRef = 93851DF01CFC38EC00FBA2EE /* Main.storyboard */; };
		93851E211CFC3E0F00FBA2EE /* WMFindViewController.m in Sources */ = {isa = PBXBuildFile; fileRef = 93851E121CFC3E0F00FBA2EE /* WMFindViewController.m */; };
		93851E221CFC3E0F00FBA2EE /* WMHomeViewController.m in Sources */ = {isa = PBXBuildFile; fileRef = 93851E181CFC3E0F00FBA2EE /* WMHomeViewController.m */; };
		93851E231CFC3E0F00FBA2EE /* WMMeViewController.m in Sources */ = {isa = PBXBuildFile; fileRef = 93851E1E1CFC3E0F00FBA2EE /* WMMeViewController.m */; };
		93851E2C1CFC3E3C00FBA2EE /* MainNavController.m in Sources */ = {isa = PBXBuildFile; fileRef = 93851E271CFC3E3C00FBA2EE /* MainNavController.m */; };
		93851E2D1CFC3E3C00FBA2EE /* MainTabBarController.m in Sources */ = {isa = PBXBuildFile; fileRef = 93851E291CFC3E3C00FBA2EE /* MainTabBarController.m */; };
		93851E301CFC3E8F00FBA2EE /* WMCustomTabBar.m in Sources */ = {isa = PBXBuildFile; fileRef = 93851E2F1CFC3E8F00FBA2EE /* WMCustomTabBar.m */; };
		93851E331CFC3EF500FBA2EE /* WMTarButton.m in Sources */ = {isa = PBXBuildFile; fileRef = 93851E321CFC3EF500FBA2EE /* WMTarButton.m */; };
		93851E541CFC432F00FBA2EE /* buyCarIcon@2x.png in Resources */ = {isa = PBXBuildFile; fileRef = 93851E351CFC432F00FBA2EE /* buyCarIcon@2x.png */; };
		93851E551CFC432F00FBA2EE /* buyCarIcon@3x.png in Resources */ = {isa = PBXBuildFile; fileRef = 93851E361CFC432F00FBA2EE /* buyCarIcon@3x.png */; };
		93851E561CFC432F00FBA2EE /* call@2x.png in Resources */ = {isa = PBXBuildFile; fileRef = 93851E371CFC432F00FBA2EE /* call@2x.png */; };
		93851E571CFC432F00FBA2EE /* call@3x.png in Resources */ = {isa = PBXBuildFile; fileRef = 93851E381CFC432F00FBA2EE /* call@3x.png */; };
		93851E581CFC432F00FBA2EE /* car@2x.png in Resources */ = {isa = PBXBuildFile; fileRef = 93851E391CFC432F00FBA2EE /* car@2x.png */; };
		93851E591CFC432F00FBA2EE /* car@3x.png in Resources */ = {isa = PBXBuildFile; fileRef = 93851E3A1CFC432F00FBA2EE /* car@3x.png */; };
		93851E5A1CFC432F00FBA2EE /* 发现@2x.png in Resources */ = {isa = PBXBuildFile; fileRef = 93851E3B1CFC432F00FBA2EE /* 发现@2x.png */; };
		93851E5B1CFC432F00FBA2EE /* 发现@3x.png in Resources */ = {isa = PBXBuildFile; fileRef = 93851E3C1CFC432F00FBA2EE /* 发现@3x.png */; };
		93851E5C1CFC432F00FBA2EE /* 发现bar@2x.png in Resources */ = {isa = PBXBuildFile; fileRef = 93851E3D1CFC432F00FBA2EE /* 发现bar@2x.png */; };
		93851E5D1CFC432F00FBA2EE /* 发现bar@3x.png in Resources */ = {isa = PBXBuildFile; fileRef = 93851E3E1CFC432F00FBA2EE /* 发现bar@3x.png */; };
		93851E5E1CFC432F00FBA2EE /* 我的@2x.png in Resources */ = {isa = PBXBuildFile; fileRef = 93851E3F1CFC432F00FBA2EE /* 我的@2x.png */; };
		93851E5F1CFC432F00FBA2EE /* 我的@3x.png in Resources */ = {isa = PBXBuildFile; fileRef = 93851E401CFC432F00FBA2EE /* 我的@3x.png */; };
		93851E601CFC432F00FBA2EE /* 我的bar@2.png in Resources */ = {isa = PBXBuildFile; fileRef = 93851E411CFC432F00FBA2EE /* 我的bar@2.png */; };
		93851E611CFC432F00FBA2EE /* 我的bar@2x.png in Resources */ = {isa = PBXBuildFile; fileRef = 93851E421CFC432F00FBA2EE /* 我的bar@2x.png */; };
		93851E621CFC432F00FBA2EE /* 我的bar@3x.png in Resources */ = {isa = PBXBuildFile; fileRef = 93851E431CFC432F00FBA2EE /* 我的bar@3x.png */; };
		93851E631CFC432F00FBA2EE /* 汇买车@2x.png in Resources */ = {isa = PBXBuildFile; fileRef = 93851E441CFC432F00FBA2EE /* 汇买车@2x.png */; };
		93851E641CFC432F00FBA2EE /* 汇买车@3x.png in Resources */ = {isa = PBXBuildFile; fileRef = 93851E451CFC432F00FBA2EE /* 汇买车@3x.png */; };
		93851E651CFC432F00FBA2EE /* 汇买车bar@2x.png in Resources */ = {isa = PBXBuildFile; fileRef = 93851E461CFC432F00FBA2EE /* 汇买车bar@2x.png */; };
		93851E661CFC432F00FBA2EE /* 汇买车bar@3x.png in Resources */ = {isa = PBXBuildFile; fileRef = 93851E471CFC432F00FBA2EE /* 汇买车bar@3x.png */; };
		93851E671CFC432F00FBA2EE /* 特价@2x.png in Resources */ = {isa = PBXBuildFile; fileRef = 93851E481CFC432F00FBA2EE /* 特价@2x.png */; };
		93851E681CFC433000FBA2EE /* 特价@3x.png in Resources */ = {isa = PBXBuildFile; fileRef = 93851E491CFC432F00FBA2EE /* 特价@3x.png */; };
		93851E691CFC433000FBA2EE /* 特价bar@2x.png in Resources */ = {isa = PBXBuildFile; fileRef = 93851E4A1CFC432F00FBA2EE /* 特价bar@2x.png */; };
		93851E6A1CFC433000FBA2EE /* 特价bar@3x.png in Resources */ = {isa = PBXBuildFile; fileRef = 93851E4B1CFC432F00FBA2EE /* 特价bar@3x.png */; };
		93851E6B1CFC433000FBA2EE /* 租购@2x.png in Resources */ = {isa = PBXBuildFile; fileRef = 93851E4C1CFC432F00FBA2EE /* 租购@2x.png */; };
		93851E6C1CFC433000FBA2EE /* 租购@3x.png in Resources */ = {isa = PBXBuildFile; fileRef = 93851E4D1CFC432F00FBA2EE /* 租购@3x.png */; };
		93851E6D1CFC433000FBA2EE /* 租购bar@2x.png in Resources */ = {isa = PBXBuildFile; fileRef = 93851E4E1CFC432F00FBA2EE /* 租购bar@2x.png */; };
		93851E6E1CFC433000FBA2EE /* 租购bar@3x.png in Resources */ = {isa = PBXBuildFile; fileRef = 93851E4F1CFC432F00FBA2EE /* 租购bar@3x.png */; };
		93851E6F1CFC433000FBA2EE /* 首页@2x.png in Resources */ = {isa = PBXBuildFile; fileRef = 93851E501CFC432F00FBA2EE /* 首页@2x.png */; };
		93851E701CFC433000FBA2EE /* 首页@3x.png in Resources */ = {isa = PBXBuildFile; fileRef = 93851E511CFC432F00FBA2EE /* 首页@3x.png */; };
		93851E711CFC433000FBA2EE /* 首页bar@2x.png in Resources */ = {isa = PBXBuildFile; fileRef = 93851E521CFC432F00FBA2EE /* 首页bar@2x.png */; };
		93851E721CFC433000FBA2EE /* 首页bar@3x.png in Resources */ = {isa = PBXBuildFile; fileRef = 93851E531CFC432F00FBA2EE /* 首页bar@3x.png */; };
/* End PBXBuildFile section */

/* Begin PBXContainerItemProxy section */
		93851DAE1CFC37FC00FBA2EE /* PBXContainerItemProxy */ = {
			isa = PBXContainerItemProxy;
			containerPortal = 93851D8C1CFC37FB00FBA2EE /* Project object */;
			proxyType = 1;
			remoteGlobalIDString = 93851D931CFC37FB00FBA2EE;
			remoteInfo = DHCar;
		};
		93851DB91CFC37FC00FBA2EE /* PBXContainerItemProxy */ = {
			isa = PBXContainerItemProxy;
			containerPortal = 93851D8C1CFC37FB00FBA2EE /* Project object */;
			proxyType = 1;
			remoteGlobalIDString = 93851D931CFC37FB00FBA2EE;
			remoteInfo = DHCar;
		};
/* End PBXContainerItemProxy section */

/* Begin PBXFileReference section */
		93851D941CFC37FB00FBA2EE /* DHCar.app */ = {isa = PBXFileReference; explicitFileType = wrapper.application; includeInIndex = 0; path = DHCar.app; sourceTree = BUILT_PRODUCTS_DIR; };
		93851DAD1CFC37FC00FBA2EE /* DHCarTests.xctest */ = {isa = PBXFileReference; explicitFileType = wrapper.cfbundle; includeInIndex = 0; path = DHCarTests.xctest; sourceTree = BUILT_PRODUCTS_DIR; };
		93851DB11CFC37FC00FBA2EE /* DHCarTests.m */ = {isa = PBXFileReference; lastKnownFileType = sourcecode.c.objc; path = DHCarTests.m; sourceTree = "<group>"; };
		93851DB31CFC37FC00FBA2EE /* Info.plist */ = {isa = PBXFileReference; lastKnownFileType = text.plist.xml; path = Info.plist; sourceTree = "<group>"; };
		93851DB81CFC37FC00FBA2EE /* DHCarUITests.xctest */ = {isa = PBXFileReference; explicitFileType = wrapper.cfbundle; includeInIndex = 0; path = DHCarUITests.xctest; sourceTree = BUILT_PRODUCTS_DIR; };
		93851DBC1CFC37FC00FBA2EE /* DHCarUITests.m */ = {isa = PBXFileReference; lastKnownFileType = sourcecode.c.objc; path = DHCarUITests.m; sourceTree = "<group>"; };
		93851DBE1CFC37FC00FBA2EE /* Info.plist */ = {isa = PBXFileReference; lastKnownFileType = text.plist.xml; path = Info.plist; sourceTree = "<group>"; };
		93851DE51CFC38EC00FBA2EE /* Info.plist */ = {isa = PBXFileReference; fileEncoding = 4; lastKnownFileType = text.plist.xml; name = Info.plist; path = ../Info.plist; sourceTree = "<group>"; };
		93851DE71CFC38EC00FBA2EE /* AppDelegate.h */ = {isa = PBXFileReference; fileEncoding = 4; lastKnownFileType = sourcecode.c.h; path = AppDelegate.h; sourceTree = "<group>"; };
		93851DE81CFC38EC00FBA2EE /* AppDelegate.m */ = {isa = PBXFileReference; fileEncoding = 4; lastKnownFileType = sourcecode.c.objc; path = AppDelegate.m; sourceTree = "<group>"; };
		93851DE91CFC38EC00FBA2EE /* main.m */ = {isa = PBXFileReference; fileEncoding = 4; lastKnownFileType = sourcecode.c.objc; path = main.m; sourceTree = "<group>"; };
		93851DEA1CFC38EC00FBA2EE /* ViewController.h */ = {isa = PBXFileReference; fileEncoding = 4; lastKnownFileType = sourcecode.c.h; path = ViewController.h; sourceTree = "<group>"; };
		93851DEB1CFC38EC00FBA2EE /* ViewController.m */ = {isa = PBXFileReference; fileEncoding = 4; lastKnownFileType = sourcecode.c.objc; path = ViewController.m; sourceTree = "<group>"; };
		93851DED1CFC38EC00FBA2EE /* Assets.xcassets */ = {isa = PBXFileReference; lastKnownFileType = folder.assetcatalog; path = Assets.xcassets; sourceTree = "<group>"; };
		93851DEF1CFC38EC00FBA2EE /* LaunchScreen.storyboard */ = {isa = PBXFileReference; fileEncoding = 4; lastKnownFileType = file.storyboard; path = LaunchScreen.storyboard; sourceTree = "<group>"; };
		93851DF01CFC38EC00FBA2EE /* Main.storyboard */ = {isa = PBXFileReference; fileEncoding = 4; lastKnownFileType = file.storyboard; path = Main.storyboard; sourceTree = "<group>"; };
		93851E111CFC3E0F00FBA2EE /* WMFindViewController.h */ = {isa = PBXFileReference; fileEncoding = 4; lastKnownFileType = sourcecode.c.h; path = WMFindViewController.h; sourceTree = "<group>"; };
		93851E121CFC3E0F00FBA2EE /* WMFindViewController.m */ = {isa = PBXFileReference; fileEncoding = 4; lastKnownFileType = sourcecode.c.objc; path = WMFindViewController.m; sourceTree = "<group>"; };
		93851E171CFC3E0F00FBA2EE /* WMHomeViewController.h */ = {isa = PBXFileReference; fileEncoding = 4; lastKnownFileType = sourcecode.c.h; path = WMHomeViewController.h; sourceTree = "<group>"; };
		93851E181CFC3E0F00FBA2EE /* WMHomeViewController.m */ = {isa = PBXFileReference; fileEncoding = 4; lastKnownFileType = sourcecode.c.objc; path = WMHomeViewController.m; sourceTree = "<group>"; };
		93851E1D1CFC3E0F00FBA2EE /* WMMeViewController.h */ = {isa = PBXFileReference; fileEncoding = 4; lastKnownFileType = sourcecode.c.h; path = WMMeViewController.h; sourceTree = "<group>"; };
		93851E1E1CFC3E0F00FBA2EE /* WMMeViewController.m */ = {isa = PBXFileReference; fileEncoding = 4; lastKnownFileType = sourcecode.c.objc; path = WMMeViewController.m; sourceTree = "<group>"; };
		93851E261CFC3E3C00FBA2EE /* MainNavController.h */ = {isa = PBXFileReference; fileEncoding = 4; lastKnownFileType = sourcecode.c.h; path = MainNavController.h; sourceTree = "<group>"; };
		93851E271CFC3E3C00FBA2EE /* MainNavController.m */ = {isa = PBXFileReference; fileEncoding = 4; lastKnownFileType = sourcecode.c.objc; path = MainNavController.m; sourceTree = "<group>"; };
		93851E281CFC3E3C00FBA2EE /* MainTabBarController.h */ = {isa = PBXFileReference; fileEncoding = 4; lastKnownFileType = sourcecode.c.h; path = MainTabBarController.h; sourceTree = "<group>"; };
		93851E291CFC3E3C00FBA2EE /* MainTabBarController.m */ = {isa = PBXFileReference; fileEncoding = 4; lastKnownFileType = sourcecode.c.objc; path = MainTabBarController.m; sourceTree = "<group>"; };
		93851E2E1CFC3E8F00FBA2EE /* WMCustomTabBar.h */ = {isa = PBXFileReference; fileEncoding = 4; lastKnownFileType = sourcecode.c.h; path = WMCustomTabBar.h; sourceTree = "<group>"; };
		93851E2F1CFC3E8F00FBA2EE /* WMCustomTabBar.m */ = {isa = PBXFileReference; fileEncoding = 4; lastKnownFileType = sourcecode.c.objc; path = WMCustomTabBar.m; sourceTree = "<group>"; };
		93851E311CFC3EF500FBA2EE /* WMTarButton.h */ = {isa = PBXFileReference; fileEncoding = 4; lastKnownFileType = sourcecode.c.h; path = WMTarButton.h; sourceTree = "<group>"; };
		93851E321CFC3EF500FBA2EE /* WMTarButton.m */ = {isa = PBXFileReference; fileEncoding = 4; lastKnownFileType = sourcecode.c.objc; path = WMTarButton.m; sourceTree = "<group>"; };
		93851E351CFC432F00FBA2EE /* buyCarIcon@2x.png */ = {isa = PBXFileReference; lastKnownFileType = image.png; path = "buyCarIcon@2x.png"; sourceTree = "<group>"; };
		93851E361CFC432F00FBA2EE /* buyCarIcon@3x.png */ = {isa = PBXFileReference; lastKnownFileType = image.png; path = "buyCarIcon@3x.png"; sourceTree = "<group>"; };
		93851E371CFC432F00FBA2EE /* call@2x.png */ = {isa = PBXFileReference; lastKnownFileType = image.png; path = "call@2x.png"; sourceTree = "<group>"; };
		93851E381CFC432F00FBA2EE /* call@3x.png */ = {isa = PBXFileReference; lastKnownFileType = image.png; path = "call@3x.png"; sourceTree = "<group>"; };
		93851E391CFC432F00FBA2EE /* car@2x.png */ = {isa = PBXFileReference; lastKnownFileType = image.png; path = "car@2x.png"; sourceTree = "<group>"; };
		93851E3A1CFC432F00FBA2EE /* car@3x.png */ = {isa = PBXFileReference; lastKnownFileType = image.png; path = "car@3x.png"; sourceTree = "<group>"; };
		93851E3B1CFC432F00FBA2EE /* 发现@2x.png */ = {isa = PBXFileReference; lastKnownFileType = image.png; path = "发现@2x.png"; sourceTree = "<group>"; };
		93851E3C1CFC432F00FBA2EE /* 发现@3x.png */ = {isa = PBXFileReference; lastKnownFileType = image.png; path = "发现@3x.png"; sourceTree = "<group>"; };
		93851E3D1CFC432F00FBA2EE /* 发现bar@2x.png */ = {isa = PBXFileReference; lastKnownFileType = image.png; path = "发现bar@2x.png"; sourceTree = "<group>"; };
		93851E3E1CFC432F00FBA2EE /* 发现bar@3x.png */ = {isa = PBXFileReference; lastKnownFileType = image.png; path = "发现bar@3x.png"; sourceTree = "<group>"; };
		93851E3F1CFC432F00FBA2EE /* 我的@2x.png */ = {isa = PBXFileReference; lastKnownFileType = image.png; path = "我的@2x.png"; sourceTree = "<group>"; };
		93851E401CFC432F00FBA2EE /* 我的@3x.png */ = {isa = PBXFileReference; lastKnownFileType = image.png; path = "我的@3x.png"; sourceTree = "<group>"; };
		93851E411CFC432F00FBA2EE /* 我的bar@2.png */ = {isa = PBXFileReference; lastKnownFileType = image.png; path = "我的bar@2.png"; sourceTree = "<group>"; };
		93851E421CFC432F00FBA2EE /* 我的bar@2x.png */ = {isa = PBXFileReference; lastKnownFileType = image.png; path = "我的bar@2x.png"; sourceTree = "<group>"; };
		93851E431CFC432F00FBA2EE /* 我的bar@3x.png */ = {isa = PBXFileReference; lastKnownFileType = image.png; path = "我的bar@3x.png"; sourceTree = "<group>"; };
		93851E441CFC432F00FBA2EE /* 汇买车@2x.png */ = {isa = PBXFileReference; lastKnownFileType = image.png; path = "汇买车@2x.png"; sourceTree = "<group>"; };
		93851E451CFC432F00FBA2EE /* 汇买车@3x.png */ = {isa = PBXFileReference; lastKnownFileType = image.png; path = "汇买车@3x.png"; sourceTree = "<group>"; };
		93851E461CFC432F00FBA2EE /* 汇买车bar@2x.png */ = {isa = PBXFileReference; lastKnownFileType = image.png; path = "汇买车bar@2x.png"; sourceTree = "<group>"; };
		93851E471CFC432F00FBA2EE /* 汇买车bar@3x.png */ = {isa = PBXFileReference; lastKnownFileType = image.png; path = "汇买车bar@3x.png"; sourceTree = "<group>"; };
		93851E481CFC432F00FBA2EE /* 特价@2x.png */ = {isa = PBXFileReference; lastKnownFileType = image.png; path = "特价@2x.png"; sourceTree = "<group>"; };
		93851E491CFC432F00FBA2EE /* 特价@3x.png */ = {isa = PBXFileReference; lastKnownFileType = image.png; path = "特价@3x.png"; sourceTree = "<group>"; };
		93851E4A1CFC432F00FBA2EE /* 特价bar@2x.png */ = {isa = PBXFileReference; lastKnownFileType = image.png; path = "特价bar@2x.png"; sourceTree = "<group>"; };
		93851E4B1CFC432F00FBA2EE /* 特价bar@3x.png */ = {isa = PBXFileReference; lastKnownFileType = image.png; path = "特价bar@3x.png"; sourceTree = "<group>"; };
		93851E4C1CFC432F00FBA2EE /* 租购@2x.png */ = {isa = PBXFileReference; lastKnownFileType = image.png; path = "租购@2x.png"; sourceTree = "<group>"; };
		93851E4D1CFC432F00FBA2EE /* 租购@3x.png */ = {isa = PBXFileReference; lastKnownFileType = image.png; path = "租购@3x.png"; sourceTree = "<group>"; };
		93851E4E1CFC432F00FBA2EE /* 租购bar@2x.png */ = {isa = PBXFileReference; lastKnownFileType = image.png; path = "租购bar@2x.png"; sourceTree = "<group>"; };
		93851E4F1CFC432F00FBA2EE /* 租购bar@3x.png */ = {isa = PBXFileReference; lastKnownFileType = image.png; path = "租购bar@3x.png"; sourceTree = "<group>"; };
		93851E501CFC432F00FBA2EE /* 首页@2x.png */ = {isa = PBXFileReference; lastKnownFileType = image.png; path = "首页@2x.png"; sourceTree = "<group>"; };
		93851E511CFC432F00FBA2EE /* 首页@3x.png */ = {isa = PBXFileReference; lastKnownFileType = image.png; path = "首页@3x.png"; sourceTree = "<group>"; };
		93851E521CFC432F00FBA2EE /* 首页bar@2x.png */ = {isa = PBXFileReference; lastKnownFileType = image.png; path = "首页bar@2x.png"; sourceTree = "<group>"; };
		93851E531CFC432F00FBA2EE /* 首页bar@3x.png */ = {isa = PBXFileReference; lastKnownFileType = image.png; path = "首页bar@3x.png"; sourceTree = "<group>"; };
/* End PBXFileReference section */

/* Begin PBXFrameworksBuildPhase section */
		93851D911CFC37FB00FBA2EE /* Frameworks */ = {
			isa = PBXFrameworksBuildPhase;
			buildActionMask = 2147483647;
			files = (
			);
			runOnlyForDeploymentPostprocessing = 0;
		};
		93851DAA1CFC37FC00FBA2EE /* Frameworks */ = {
			isa = PBXFrameworksBuildPhase;
			buildActionMask = 2147483647;
			files = (
			);
			runOnlyForDeploymentPostprocessing = 0;
		};
		93851DB51CFC37FC00FBA2EE /* Frameworks */ = {
			isa = PBXFrameworksBuildPhase;
			buildActionMask = 2147483647;
			files = (
			);
			runOnlyForDeploymentPostprocessing = 0;
		};
/* End PBXFrameworksBuildPhase section */

/* Begin PBXGroup section */
		93851D8B1CFC37FB00FBA2EE = {
			isa = PBXGroup;
			children = (
				93851DE41CFC38EC00FBA2EE /* DHCar */,
				93851DB01CFC37FC00FBA2EE /* DHCarTests */,
				93851DBB1CFC37FC00FBA2EE /* DHCarUITests */,
				93851D951CFC37FB00FBA2EE /* Products */,
			);
			sourceTree = "<group>";
		};
		93851D951CFC37FB00FBA2EE /* Products */ = {
			isa = PBXGroup;
			children = (
				93851D941CFC37FB00FBA2EE /* DHCar.app */,
				93851DAD1CFC37FC00FBA2EE /* DHCarTests.xctest */,
				93851DB81CFC37FC00FBA2EE /* DHCarUITests.xctest */,
			);
			name = Products;
			sourceTree = "<group>";
		};
		93851DB01CFC37FC00FBA2EE /* DHCarTests */ = {
			isa = PBXGroup;
			children = (
				93851DB11CFC37FC00FBA2EE /* DHCarTests.m */,
				93851DB31CFC37FC00FBA2EE /* Info.plist */,
			);
			path = DHCarTests;
			sourceTree = "<group>";
		};
		93851DBB1CFC37FC00FBA2EE /* DHCarUITests */ = {
			isa = PBXGroup;
			children = (
				93851DBC1CFC37FC00FBA2EE /* DHCarUITests.m */,
				93851DBE1CFC37FC00FBA2EE /* Info.plist */,
			);
			path = DHCarUITests;
			sourceTree = "<group>";
		};
		93851DE41CFC38EC00FBA2EE /* DHCar */ = {
			isa = PBXGroup;
			children = (
				93851DF81CFC393900FBA2EE /* class */,
				93851DE61CFC38EC00FBA2EE /* other */,
				93851DEC1CFC38EC00FBA2EE /* source */,
				93851DEE1CFC38EC00FBA2EE /* xib */,
			);
			path = DHCar;
			sourceTree = "<group>";
		};
		93851DE61CFC38EC00FBA2EE /* other */ = {
			isa = PBXGroup;
			children = (
				93851DE71CFC38EC00FBA2EE /* AppDelegate.h */,
				93851DE81CFC38EC00FBA2EE /* AppDelegate.m */,
				93851DE91CFC38EC00FBA2EE /* main.m */,
				93851DEA1CFC38EC00FBA2EE /* ViewController.h */,
				93851DEB1CFC38EC00FBA2EE /* ViewController.m */,
			);
			path = other;
			sourceTree = "<group>";
		};
		93851DEC1CFC38EC00FBA2EE /* source */ = {
			isa = PBXGroup;
			children = (
				93851E341CFC432F00FBA2EE /* tabicon */,
				93851DE51CFC38EC00FBA2EE /* Info.plist */,
				93851DED1CFC38EC00FBA2EE /* Assets.xcassets */,
			);
			path = source;
			sourceTree = "<group>";
		};
		93851DEE1CFC38EC00FBA2EE /* xib */ = {
			isa = PBXGroup;
			children = (
				93851DEF1CFC38EC00FBA2EE /* LaunchScreen.storyboard */,
				93851DF01CFC38EC00FBA2EE /* Main.storyboard */,
			);
			path = xib;
			sourceTree = "<group>";
		};
		93851DF81CFC393900FBA2EE /* class */ = {
			isa = PBXGroup;
			children = (
				93851E241CFC3E3C00FBA2EE /* base */,
				93851E0F1CFC3E0F00FBA2EE /* find */,
				93851E151CFC3E0F00FBA2EE /* home */,
				93851E1B1CFC3E0F00FBA2EE /* me */,
				93851DFD1CFC398A00FBA2EE /* libs */,
			);
			path = class;
			sourceTree = "<group>";
		};
		93851DFD1CFC398A00FBA2EE /* libs */ = {
			isa = PBXGroup;
			children = (
			);
			path = libs;
			sourceTree = "<group>";
		};
		93851E0F1CFC3E0F00FBA2EE /* find */ = {
			isa = PBXGroup;
			children = (
				93851E101CFC3E0F00FBA2EE /* controller */,
				93851E131CFC3E0F00FBA2EE /* model */,
				93851E141CFC3E0F00FBA2EE /* view */,
			);
			path = find;
			sourceTree = "<group>";
		};
		93851E101CFC3E0F00FBA2EE /* controller */ = {
			isa = PBXGroup;
			children = (
				93851E111CFC3E0F00FBA2EE /* WMFindViewController.h */,
				93851E121CFC3E0F00FBA2EE /* WMFindViewController.m */,
			);
			path = controller;
			sourceTree = "<group>";
		};
		93851E131CFC3E0F00FBA2EE /* model */ = {
			isa = PBXGroup;
			children = (
			);
			path = model;
			sourceTree = "<group>";
		};
		93851E141CFC3E0F00FBA2EE /* view */ = {
			isa = PBXGroup;
			children = (
			);
			path = view;
			sourceTree = "<group>";
		};
		93851E151CFC3E0F00FBA2EE /* home */ = {
			isa = PBXGroup;
			children = (
				93851E161CFC3E0F00FBA2EE /* controller */,
				93851E191CFC3E0F00FBA2EE /* model */,
				93851E1A1CFC3E0F00FBA2EE /* view */,
			);
			path = home;
			sourceTree = "<group>";
		};
		93851E161CFC3E0F00FBA2EE /* controller */ = {
			isa = PBXGroup;
			children = (
				93851E171CFC3E0F00FBA2EE /* WMHomeViewController.h */,
				93851E181CFC3E0F00FBA2EE /* WMHomeViewController.m */,
			);
			path = controller;
			sourceTree = "<group>";
		};
		93851E191CFC3E0F00FBA2EE /* model */ = {
			isa = PBXGroup;
			children = (
			);
			path = model;
			sourceTree = "<group>";
		};
		93851E1A1CFC3E0F00FBA2EE /* view */ = {
			isa = PBXGroup;
			children = (
			);
			path = view;
			sourceTree = "<group>";
		};
		93851E1B1CFC3E0F00FBA2EE /* me */ = {
			isa = PBXGroup;
			children = (
				93851E1C1CFC3E0F00FBA2EE /* controller */,
				93851E1F1CFC3E0F00FBA2EE /* model */,
				93851E201CFC3E0F00FBA2EE /* view */,
			);
			path = me;
			sourceTree = "<group>";
		};
		93851E1C1CFC3E0F00FBA2EE /* controller */ = {
			isa = PBXGroup;
			children = (
				93851E1D1CFC3E0F00FBA2EE /* WMMeViewController.h */,
				93851E1E1CFC3E0F00FBA2EE /* WMMeViewController.m */,
			);
			path = controller;
			sourceTree = "<group>";
		};
		93851E1F1CFC3E0F00FBA2EE /* model */ = {
			isa = PBXGroup;
			children = (
			);
			path = model;
			sourceTree = "<group>";
		};
		93851E201CFC3E0F00FBA2EE /* view */ = {
			isa = PBXGroup;
			children = (
			);
			path = view;
			sourceTree = "<group>";
		};
		93851E241CFC3E3C00FBA2EE /* base */ = {
			isa = PBXGroup;
			children = (
				93851E251CFC3E3C00FBA2EE /* controller */,
				93851E2A1CFC3E3C00FBA2EE /* model */,
				93851E2B1CFC3E3C00FBA2EE /* view */,
			);
			path = base;
			sourceTree = "<group>";
		};
		93851E251CFC3E3C00FBA2EE /* controller */ = {
			isa = PBXGroup;
			children = (
				93851E261CFC3E3C00FBA2EE /* MainNavController.h */,
				93851E271CFC3E3C00FBA2EE /* MainNavController.m */,
				93851E281CFC3E3C00FBA2EE /* MainTabBarController.h */,
				93851E291CFC3E3C00FBA2EE /* MainTabBarController.m */,
			);
			path = controller;
			sourceTree = "<group>";
		};
		93851E2A1CFC3E3C00FBA2EE /* model */ = {
			isa = PBXGroup;
			children = (
			);
			path = model;
			sourceTree = "<group>";
		};
		93851E2B1CFC3E3C00FBA2EE /* view */ = {
			isa = PBXGroup;
			children = (
				93851E2E1CFC3E8F00FBA2EE /* WMCustomTabBar.h */,
				93851E2F1CFC3E8F00FBA2EE /* WMCustomTabBar.m */,
				93851E311CFC3EF500FBA2EE /* WMTarButton.h */,
				93851E321CFC3EF500FBA2EE /* WMTarButton.m */,
			);
			path = view;
			sourceTree = "<group>";
		};
		93851E341CFC432F00FBA2EE /* tabicon */ = {
			isa = PBXGroup;
			children = (
				93851E351CFC432F00FBA2EE /* buyCarIcon@2x.png */,
				93851E361CFC432F00FBA2EE /* buyCarIcon@3x.png */,
				93851E371CFC432F00FBA2EE /* call@2x.png */,
				93851E381CFC432F00FBA2EE /* call@3x.png */,
				93851E391CFC432F00FBA2EE /* car@2x.png */,
				93851E3A1CFC432F00FBA2EE /* car@3x.png */,
				93851E3B1CFC432F00FBA2EE /* 发现@2x.png */,
				93851E3C1CFC432F00FBA2EE /* 发现@3x.png */,
				93851E3D1CFC432F00FBA2EE /* 发现bar@2x.png */,
				93851E3E1CFC432F00FBA2EE /* 发现bar@3x.png */,
				93851E3F1CFC432F00FBA2EE /* 我的@2x.png */,
				93851E401CFC432F00FBA2EE /* 我的@3x.png */,
				93851E411CFC432F00FBA2EE /* 我的bar@2.png */,
				93851E421CFC432F00FBA2EE /* 我的bar@2x.png */,
				93851E431CFC432F00FBA2EE /* 我的bar@3x.png */,
				93851E441CFC432F00FBA2EE /* 汇买车@2x.png */,
				93851E451CFC432F00FBA2EE /* 汇买车@3x.png */,
				93851E461CFC432F00FBA2EE /* 汇买车bar@2x.png */,
				93851E471CFC432F00FBA2EE /* 汇买车bar@3x.png */,
				93851E481CFC432F00FBA2EE /* 特价@2x.png */,
				93851E491CFC432F00FBA2EE /* 特价@3x.png */,
				93851E4A1CFC432F00FBA2EE /* 特价bar@2x.png */,
				93851E4B1CFC432F00FBA2EE /* 特价bar@3x.png */,
				93851E4C1CFC432F00FBA2EE /* 租购@2x.png */,
				93851E4D1CFC432F00FBA2EE /* 租购@3x.png */,
				93851E4E1CFC432F00FBA2EE /* 租购bar@2x.png */,
				93851E4F1CFC432F00FBA2EE /* 租购bar@3x.png */,
				93851E501CFC432F00FBA2EE /* 首页@2x.png */,
				93851E511CFC432F00FBA2EE /* 首页@3x.png */,
				93851E521CFC432F00FBA2EE /* 首页bar@2x.png */,
				93851E531CFC432F00FBA2EE /* 首页bar@3x.png */,
			);
			path = tabicon;
			sourceTree = "<group>";
		};
/* End PBXGroup section */

/* Begin PBXNativeTarget section */
		93851D931CFC37FB00FBA2EE /* DHCar */ = {
			isa = PBXNativeTarget;
			buildConfigurationList = 93851DC11CFC37FC00FBA2EE /* Build configuration list for PBXNativeTarget "DHCar" */;
			buildPhases = (
				93851D901CFC37FB00FBA2EE /* Sources */,
				93851D911CFC37FB00FBA2EE /* Frameworks */,
				93851D921CFC37FB00FBA2EE /* Resources */,
			);
			buildRules = (
			);
			dependencies = (
			);
			name = DHCar;
			productName = DHCar;
			productReference = 93851D941CFC37FB00FBA2EE /* DHCar.app */;
			productType = "com.apple.product-type.application";
		};
		93851DAC1CFC37FC00FBA2EE /* DHCarTests */ = {
			isa = PBXNativeTarget;
			buildConfigurationList = 93851DC41CFC37FC00FBA2EE /* Build configuration list for PBXNativeTarget "DHCarTests" */;
			buildPhases = (
				93851DA91CFC37FC00FBA2EE /* Sources */,
				93851DAA1CFC37FC00FBA2EE /* Frameworks */,
				93851DAB1CFC37FC00FBA2EE /* Resources */,
			);
			buildRules = (
			);
			dependencies = (
				93851DAF1CFC37FC00FBA2EE /* PBXTargetDependency */,
			);
			name = DHCarTests;
			productName = DHCarTests;
			productReference = 93851DAD1CFC37FC00FBA2EE /* DHCarTests.xctest */;
			productType = "com.apple.product-type.bundle.unit-test";
		};
		93851DB71CFC37FC00FBA2EE /* DHCarUITests */ = {
			isa = PBXNativeTarget;
			buildConfigurationList = 93851DC71CFC37FC00FBA2EE /* Build configuration list for PBXNativeTarget "DHCarUITests" */;
			buildPhases = (
				93851DB41CFC37FC00FBA2EE /* Sources */,
				93851DB51CFC37FC00FBA2EE /* Frameworks */,
				93851DB61CFC37FC00FBA2EE /* Resources */,
			);
			buildRules = (
			);
			dependencies = (
				93851DBA1CFC37FC00FBA2EE /* PBXTargetDependency */,
			);
			name = DHCarUITests;
			productName = DHCarUITests;
			productReference = 93851DB81CFC37FC00FBA2EE /* DHCarUITests.xctest */;
			productType = "com.apple.product-type.bundle.ui-testing";
		};
/* End PBXNativeTarget section */

/* Begin PBXProject section */
		93851D8C1CFC37FB00FBA2EE /* Project object */ = {
			isa = PBXProject;
			attributes = {
				CLASSPREFIX = WM;
				LastUpgradeCheck = 0730;
				ORGANIZATIONNAME = WM;
				TargetAttributes = {
					93851D931CFC37FB00FBA2EE = {
						CreatedOnToolsVersion = 7.3.1;
					};
					93851DAC1CFC37FC00FBA2EE = {
						CreatedOnToolsVersion = 7.3.1;
						TestTargetID = 93851D931CFC37FB00FBA2EE;
					};
					93851DB71CFC37FC00FBA2EE = {
						CreatedOnToolsVersion = 7.3.1;
						TestTargetID = 93851D931CFC37FB00FBA2EE;
					};
				};
			};
			buildConfigurationList = 93851D8F1CFC37FB00FBA2EE /* Build configuration list for PBXProject "DHCar" */;
			compatibilityVersion = "Xcode 3.2";
			developmentRegion = English;
			hasScannedForEncodings = 0;
			knownRegions = (
				en,
				Base,
			);
			mainGroup = 93851D8B1CFC37FB00FBA2EE;
			productRefGroup = 93851D951CFC37FB00FBA2EE /* Products */;
			projectDirPath = "";
			projectRoot = "";
			targets = (
				93851D931CFC37FB00FBA2EE /* DHCar */,
				93851DAC1CFC37FC00FBA2EE /* DHCarTests */,
				93851DB71CFC37FC00FBA2EE /* DHCarUITests */,
			);
		};
/* End PBXProject section */

/* Begin PBXResourcesBuildPhase section */
		93851D921CFC37FB00FBA2EE /* Resources */ = {
			isa = PBXResourcesBuildPhase;
			buildActionMask = 2147483647;
			files = (
				93851E651CFC432F00FBA2EE /* 汇买车bar@2x.png in Resources */,
				93851E631CFC432F00FBA2EE /* 汇买车@2x.png in Resources */,
				93851E681CFC433000FBA2EE /* 特价@3x.png in Resources */,
				93851E711CFC433000FBA2EE /* 首页bar@2x.png in Resources */,
				93851DF61CFC38EC00FBA2EE /* LaunchScreen.storyboard in Resources */,
				93851DF51CFC38EC00FBA2EE /* Assets.xcassets in Resources */,
				93851E551CFC432F00FBA2EE /* buyCarIcon@3x.png in Resources */,
				93851E6B1CFC433000FBA2EE /* 租购@2x.png in Resources */,
				93851E561CFC432F00FBA2EE /* call@2x.png in Resources */,
				93851E5D1CFC432F00FBA2EE /* 发现bar@3x.png in Resources */,
				93851DF11CFC38EC00FBA2EE /* Info.plist in Resources */,
				93851E6C1CFC433000FBA2EE /* 租购@3x.png in Resources */,
				93851E5E1CFC432F00FBA2EE /* 我的@2x.png in Resources */,
				93851E571CFC432F00FBA2EE /* call@3x.png in Resources */,
				93851E5C1CFC432F00FBA2EE /* 发现bar@2x.png in Resources */,
				93851E611CFC432F00FBA2EE /* 我的bar@2x.png in Resources */,
				93851E621CFC432F00FBA2EE /* 我的bar@3x.png in Resources */,
				93851E6D1CFC433000FBA2EE /* 租购bar@2x.png in Resources */,
				93851E701CFC433000FBA2EE /* 首页@3x.png in Resources */,
				93851E721CFC433000FBA2EE /* 首页bar@3x.png in Resources */,
				93851E6F1CFC433000FBA2EE /* 首页@2x.png in Resources */,
				93851E581CFC432F00FBA2EE /* car@2x.png in Resources */,
				93851E671CFC432F00FBA2EE /* 特价@2x.png in Resources */,
				93851DF71CFC38EC00FBA2EE /* Main.storyboard in Resources */,
				93851E5B1CFC432F00FBA2EE /* 发现@3x.png in Resources */,
				93851E691CFC433000FBA2EE /* 特价bar@2x.png in Resources */,
				93851E601CFC432F00FBA2EE /* 我的bar@2.png in Resources */,
				93851E5F1CFC432F00FBA2EE /* 我的@3x.png in Resources */,
				93851E6A1CFC433000FBA2EE /* 特价bar@3x.png in Resources */,
				93851E641CFC432F00FBA2EE /* 汇买车@3x.png in Resources */,
				93851E5A1CFC432F00FBA2EE /* 发现@2x.png in Resources */,
				93851E591CFC432F00FBA2EE /* car@3x.png in Resources */,
				93851E541CFC432F00FBA2EE /* buyCarIcon@2x.png in Resources */,
				93851E661CFC432F00FBA2EE /* 汇买车bar@3x.png in Resources */,
				93851E6E1CFC433000FBA2EE /* 租购bar@3x.png in Resources */,
			);
			runOnlyForDeploymentPostprocessing = 0;
		};
		93851DAB1CFC37FC00FBA2EE /* Resources */ = {
			isa = PBXResourcesBuildPhase;
			buildActionMask = 2147483647;
			files = (
			);
			runOnlyForDeploymentPostprocessing = 0;
		};
		93851DB61CFC37FC00FBA2EE /* Resources */ = {
			isa = PBXResourcesBuildPhase;
			buildActionMask = 2147483647;
			files = (
			);
			runOnlyForDeploymentPostprocessing = 0;
		};
/* End PBXResourcesBuildPhase section */

/* Begin PBXSourcesBuildPhase section */
		93851D901CFC37FB00FBA2EE /* Sources */ = {
			isa = PBXSourcesBuildPhase;
			buildActionMask = 2147483647;
			files = (
				93851DF41CFC38EC00FBA2EE /* ViewController.m in Sources */,
				93851E331CFC3EF500FBA2EE /* WMTarButton.m in Sources */,
				93851E221CFC3E0F00FBA2EE /* WMHomeViewController.m in Sources */,
				93851DF31CFC38EC00FBA2EE /* main.m in Sources */,
				93851E231CFC3E0F00FBA2EE /* WMMeViewController.m in Sources */,
				93851E301CFC3E8F00FBA2EE /* WMCustomTabBar.m in Sources */,
				93851E211CFC3E0F00FBA2EE /* WMFindViewController.m in Sources */,
				93851DF21CFC38EC00FBA2EE /* AppDelegate.m in Sources */,
				93851E2D1CFC3E3C00FBA2EE /* MainTabBarController.m in Sources */,
				93851E2C1CFC3E3C00FBA2EE /* MainNavController.m in Sources */,
			);
			runOnlyForDeploymentPostprocessing = 0;
		};
		93851DA91CFC37FC00FBA2EE /* Sources */ = {
			isa = PBXSourcesBuildPhase;
			buildActionMask = 2147483647;
			files = (
				93851DB21CFC37FC00FBA2EE /* DHCarTests.m in Sources */,
			);
			runOnlyForDeploymentPostprocessing = 0;
		};
		93851DB41CFC37FC00FBA2EE /* Sources */ = {
			isa = PBXSourcesBuildPhase;
			buildActionMask = 2147483647;
			files = (
				93851DBD1CFC37FC00FBA2EE /* DHCarUITests.m in Sources */,
			);
			runOnlyForDeploymentPostprocessing = 0;
		};
/* End PBXSourcesBuildPhase section */

/* Begin PBXTargetDependency section */
		93851DAF1CFC37FC00FBA2EE /* PBXTargetDependency */ = {
			isa = PBXTargetDependency;
			target = 93851D931CFC37FB00FBA2EE /* DHCar */;
			targetProxy = 93851DAE1CFC37FC00FBA2EE /* PBXContainerItemProxy */;
		};
		93851DBA1CFC37FC00FBA2EE /* PBXTargetDependency */ = {
			isa = PBXTargetDependency;
			target = 93851D931CFC37FB00FBA2EE /* DHCar */;
			targetProxy = 93851DB91CFC37FC00FBA2EE /* PBXContainerItemProxy */;
		};
/* End PBXTargetDependency section */

/* Begin XCBuildConfiguration section */
		93851DBF1CFC37FC00FBA2EE /* Debug */ = {
			isa = XCBuildConfiguration;
			buildSettings = {
				ALWAYS_SEARCH_USER_PATHS = NO;
				CLANG_ANALYZER_NONNULL = YES;
				CLANG_CXX_LANGUAGE_STANDARD = "gnu++0x";
				CLANG_CXX_LIBRARY = "libc++";
				CLANG_ENABLE_MODULES = YES;
				CLANG_ENABLE_OBJC_ARC = YES;
				CLANG_WARN_BOOL_CONVERSION = YES;
				CLANG_WARN_CONSTANT_CONVERSION = YES;
				CLANG_WARN_DIRECT_OBJC_ISA_USAGE = YES_ERROR;
				CLANG_WARN_EMPTY_BODY = YES;
				CLANG_WARN_ENUM_CONVERSION = YES;
				CLANG_WARN_INT_CONVERSION = YES;
				CLANG_WARN_OBJC_ROOT_CLASS = YES_ERROR;
				CLANG_WARN_UNREACHABLE_CODE = YES;
				CLANG_WARN__DUPLICATE_METHOD_MATCH = YES;
				"CODE_SIGN_IDENTITY[sdk=iphoneos*]" = "iPhone Developer";
				COPY_PHASE_STRIP = NO;
				DEBUG_INFORMATION_FORMAT = dwarf;
				ENABLE_STRICT_OBJC_MSGSEND = YES;
				ENABLE_TESTABILITY = YES;
				GCC_C_LANGUAGE_STANDARD = gnu99;
				GCC_DYNAMIC_NO_PIC = NO;
				GCC_NO_COMMON_BLOCKS = YES;
				GCC_OPTIMIZATION_LEVEL = 0;
				GCC_PREPROCESSOR_DEFINITIONS = (
					"DEBUG=1",
					"$(inherited)",
				);
				GCC_WARN_64_TO_32_BIT_CONVERSION = YES;
				GCC_WARN_ABOUT_RETURN_TYPE = YES_ERROR;
				GCC_WARN_UNDECLARED_SELECTOR = YES;
				GCC_WARN_UNINITIALIZED_AUTOS = YES_AGGRESSIVE;
				GCC_WARN_UNUSED_FUNCTION = YES;
				GCC_WARN_UNUSED_VARIABLE = YES;
				IPHONEOS_DEPLOYMENT_TARGET = 9.3;
				MTL_ENABLE_DEBUG_INFO = YES;
				ONLY_ACTIVE_ARCH = YES;
				SDKROOT = iphoneos;
				TARGETED_DEVICE_FAMILY = "1,2";
			};
			name = Debug;
		};
		93851DC01CFC37FC00FBA2EE /* Release */ = {
			isa = XCBuildConfiguration;
			buildSettings = {
				ALWAYS_SEARCH_USER_PATHS = NO;
				CLANG_ANALYZER_NONNULL = YES;
				CLANG_CXX_LANGUAGE_STANDARD = "gnu++0x";
				CLANG_CXX_LIBRARY = "libc++";
				CLANG_ENABLE_MODULES = YES;
				CLANG_ENABLE_OBJC_ARC = YES;
				CLANG_WARN_BOOL_CONVERSION = YES;
				CLANG_WARN_CONSTANT_CONVERSION = YES;
				CLANG_WARN_DIRECT_OBJC_ISA_USAGE = YES_ERROR;
				CLANG_WARN_EMPTY_BODY = YES;
				CLANG_WARN_ENUM_CONVERSION = YES;
				CLANG_WARN_INT_CONVERSION = YES;
				CLANG_WARN_OBJC_ROOT_CLASS = YES_ERROR;
				CLANG_WARN_UNREACHABLE_CODE = YES;
				CLANG_WARN__DUPLICATE_METHOD_MATCH = YES;
				"CODE_SIGN_IDENTITY[sdk=iphoneos*]" = "iPhone Developer";
				COPY_PHASE_STRIP = NO;
				DEBUG_INFORMATION_FORMAT = "dwarf-with-dsym";
				ENABLE_NS_ASSERTIONS = NO;
				ENABLE_STRICT_OBJC_MSGSEND = YES;
				GCC_C_LANGUAGE_STANDARD = gnu99;
				GCC_NO_COMMON_BLOCKS = YES;
				GCC_WARN_64_TO_32_BIT_CONVERSION = YES;
				GCC_WARN_ABOUT_RETURN_TYPE = YES_ERROR;
				GCC_WARN_UNDECLARED_SELECTOR = YES;
				GCC_WARN_UNINITIALIZED_AUTOS = YES_AGGRESSIVE;
				GCC_WARN_UNUSED_FUNCTION = YES;
				GCC_WARN_UNUSED_VARIABLE = YES;
				IPHONEOS_DEPLOYMENT_TARGET = 9.3;
				MTL_ENABLE_DEBUG_INFO = NO;
				SDKROOT = iphoneos;
				TARGETED_DEVICE_FAMILY = "1,2";
				VALIDATE_PRODUCT = YES;
			};
			name = Release;
		};
		93851DC21CFC37FC00FBA2EE /* Debug */ = {
			isa = XCBuildConfiguration;
			buildSettings = {
				ASSETCATALOG_COMPILER_APPICON_NAME = AppIcon;
				INFOPLIST_FILE = DHCar/Info.plist;
				LD_RUNPATH_SEARCH_PATHS = "$(inherited) @executable_path/Frameworks";
				PRODUCT_BUNDLE_IDENTIFIER = MIAO.DHCar;
				PRODUCT_NAME = "$(TARGET_NAME)";
			};
			name = Debug;
		};
		93851DC31CFC37FC00FBA2EE /* Release */ = {
			isa = XCBuildConfiguration;
			buildSettings = {
				ASSETCATALOG_COMPILER_APPICON_NAME = AppIcon;
				INFOPLIST_FILE = DHCar/Info.plist;
				LD_RUNPATH_SEARCH_PATHS = "$(inherited) @executable_path/Frameworks";
				PRODUCT_BUNDLE_IDENTIFIER = MIAO.DHCar;
				PRODUCT_NAME = "$(TARGET_NAME)";
			};
			name = Release;
		};
		93851DC51CFC37FC00FBA2EE /* Debug */ = {
			isa = XCBuildConfiguration;
			buildSettings = {
				BUNDLE_LOADER = "$(TEST_HOST)";
				INFOPLIST_FILE = DHCarTests/Info.plist;
				LD_RUNPATH_SEARCH_PATHS = "$(inherited) @executable_path/Frameworks @loader_path/Frameworks";
				PRODUCT_BUNDLE_IDENTIFIER = MIAO.DHCarTests;
				PRODUCT_NAME = "$(TARGET_NAME)";
				TEST_HOST = "$(BUILT_PRODUCTS_DIR)/DHCar.app/DHCar";
			};
			name = Debug;
		};
		93851DC61CFC37FC00FBA2EE /* Release */ = {
			isa = XCBuildConfiguration;
			buildSettings = {
				BUNDLE_LOADER = "$(TEST_HOST)";
				INFOPLIST_FILE = DHCarTests/Info.plist;
				LD_RUNPATH_SEARCH_PATHS = "$(inherited) @executable_path/Frameworks @loader_path/Frameworks";
				PRODUCT_BUNDLE_IDENTIFIER = MIAO.DHCarTests;
				PRODUCT_NAME = "$(TARGET_NAME)";
				TEST_HOST = "$(BUILT_PRODUCTS_DIR)/DHCar.app/DHCar";
			};
			name = Release;
		};
		93851DC81CFC37FC00FBA2EE /* Debug */ = {
			isa = XCBuildConfiguration;
			buildSettings = {
				INFOPLIST_FILE = DHCarUITests/Info.plist;
				LD_RUNPATH_SEARCH_PATHS = "$(inherited) @executable_path/Frameworks @loader_path/Frameworks";
				PRODUCT_BUNDLE_IDENTIFIER = MIAO.DHCarUITests;
				PRODUCT_NAME = "$(TARGET_NAME)";
				TEST_TARGET_NAME = DHCar;
			};
			name = Debug;
		};
		93851DC91CFC37FC00FBA2EE /* Release */ = {
			isa = XCBuildConfiguration;
			buildSettings = {
				INFOPLIST_FILE = DHCarUITests/Info.plist;
				LD_RUNPATH_SEARCH_PATHS = "$(inherited) @executable_path/Frameworks @loader_path/Frameworks";
				PRODUCT_BUNDLE_IDENTIFIER = MIAO.DHCarUITests;
				PRODUCT_NAME = "$(TARGET_NAME)";
				TEST_TARGET_NAME = DHCar;
			};
			name = Release;
		};
/* End XCBuildConfiguration section */

/* Begin XCConfigurationList section */
		93851D8F1CFC37FB00FBA2EE /* Build configuration list for PBXProject "DHCar" */ = {
			isa = XCConfigurationList;
			buildConfigurations = (
				93851DBF1CFC37FC00FBA2EE /* Debug */,
				93851DC01CFC37FC00FBA2EE /* Release */,
			);
			defaultConfigurationIsVisible = 0;
			defaultConfigurationName = Release;
		};
		93851DC11CFC37FC00FBA2EE /* Build configuration list for PBXNativeTarget "DHCar" */ = {
			isa = XCConfigurationList;
			buildConfigurations = (
				93851DC21CFC37FC00FBA2EE /* Debug */,
				93851DC31CFC37FC00FBA2EE /* Release */,
			);
			defaultConfigurationIsVisible = 0;
		};
		93851DC41CFC37FC00FBA2EE /* Build configuration list for PBXNativeTarget "DHCarTests" */ = {
			isa = XCConfigurationList;
			buildConfigurations = (
				93851DC51CFC37FC00FBA2EE /* Debug */,
				93851DC61CFC37FC00FBA2EE /* Release */,
			);
			defaultConfigurationIsVisible = 0;
		};
		93851DC71CFC37FC00FBA2EE /* Build configuration list for PBXNativeTarget "DHCarUITests" */ = {
			isa = XCConfigurationList;
			buildConfigurations = (
				93851DC81CFC37FC00FBA2EE /* Debug */,
				93851DC91CFC37FC00FBA2EE /* Release */,
			);
			defaultConfigurationIsVisible = 0;
		};
/* End XCConfigurationList section */
	};
	rootObject = 93851D8C1CFC37FB00FBA2EE /* Project object */;
}
